
Microsoft Visual Studio Solution File, Format Version 12.00
# Visual Studio Version 17
VisualStudioVersion = 17.7.34031.279
MinimumVisualStudioVersion = 10.0.40219.1
Project("{FAE04EC0-301F-11D3-BF4B-00C04F79EFBC}") = "AcadmyApp", "AcadmyApp\AcadmyApp.csproj", "{5BBC30AC-DB2B-45B9-AC0C-218ED3EEBCEE}"
EndProject
Project("{FAE04EC0-301F-11D3-BF4B-00C04F79EFBC}") = "AcadmyApp.Business", "AcadmyApp.Business\AcadmyApp.Business.csproj", "{FAA22772-0E3E-4846-B2E2-F4A54BFB850F}"
EndProject
Project("{FAE04EC0-301F-11D3-BF4B-00C04F79EFBC}") = "AcadmyApp.DataContext", "AcadmyApp.DataContext\AcadmyApp.DataContext.csproj", "{7C48626D-2067-4902-817B-0B31F403B266}"
EndProject
Project("{FAE04EC0-301F-11D3-BF4B-00C04F79EFBC}") = "AcadmyApp.Domain", "AcadmyApp.Domain\AcadmyApp.Domain.csproj", "{6DC330C8-9C74-4F3C-8EFC-8954086FF5D3}"
EndProject
Project("{FAE04EC0-301F-11D3-BF4B-00C04F79EFBC}") = "AcadmyApp.Helpers", "AcadmyApp.Helpers\AcadmyApp.Helpers.csproj", "{8AD78BCE-CF64-478D-9E85-0EDFE1E80B5E}"
EndProject
Global
	GlobalSection(SolutionConfigurationPlatforms) = preSolution
		Debug|Any CPU = Debug|Any CPU
		Release|Any CPU = Release|Any CPU
	EndGlobalSection
	GlobalSection(ProjectConfigurationPlatforms) = postSolution
		{5BBC30AC-DB2B-45B9-AC0C-218ED3EEBCEE}.Debug|Any CPU.ActiveCfg = Debug|Any CPU
		{5BBC30AC-DB2B-45B9-AC0C-218ED3EEBCEE}.Debug|Any CPU.Build.0 = Debug|Any CPU
		{5BBC30AC-DB2B-45B9-AC0C-218ED3EEBCEE}.Release|Any CPU.ActiveCfg = Release|Any CPU
		{5BBC30AC-DB2B-45B9-AC0C-218ED3EEBCEE}.Release|Any CPU.Build.0 = Release|Any CPU
		{FAA22772-0E3E-4846-B2E2-F4A54BFB850F}.Debug|Any CPU.ActiveCfg = Debug|Any CPU
		{FAA22772-0E3E-4846-B2E2-F4A54BFB850F}.Debug|Any CPU.Build.0 = Debug|Any CPU
		{FAA22772-0E3E-4846-B2E2-F4A54BFB850F}.Release|Any CPU.ActiveCfg = Release|Any CPU
		{FAA22772-0E3E-4846-B2E2-F4A54BFB850F}.Release|Any CPU.Build.0 = Release|Any CPU
		{7C48626D-2067-4902-817B-0B31F403B266}.Debug|Any CPU.ActiveCfg = Debug|Any CPU
		{7C48626D-2067-4902-817B-0B31F403B266}.Debug|Any CPU.Build.0 = Debug|Any CPU
		{7C48626D-2067-4902-817B-0B31F403B266}.Release|Any CPU.ActiveCfg = Release|Any CPU
		{7C48626D-2067-4902-817B-0B31F403B266}.Release|Any CPU.Build.0 = Release|Any CPU
		{6DC330C8-9C74-4F3C-8EFC-8954086FF5D3}.Debug|Any CPU.ActiveCfg = Debug|Any CPU
		{6DC330C8-9C74-4F3C-8EFC-8954086FF5D3}.Debug|Any CPU.Build.0 = Debug|Any CPU
		{6DC330C8-9C74-4F3C-8EFC-8954086FF5D3}.Release|Any CPU.ActiveCfg = Release|Any CPU
		{6DC330C8-9C74-4F3C-8EFC-8954086FF5D3}.Release|Any CPU.Build.0 = Release|Any CPU
		{8AD78BCE-CF64-478D-9E85-0EDFE1E80B5E}.Debug|Any CPU.ActiveCfg = Debug|Any CPU
		{8AD78BCE-CF64-478D-9E85-0EDFE1E80B5E}.Debug|Any CPU.Build.0 = Debug|Any CPU
		{8AD78BCE-CF64-478D-9E85-0EDFE1E80B5E}.Release|Any CPU.ActiveCfg = Release|Any CPU
		{8AD78BCE-CF64-478D-9E85-0EDFE1E80B5E}.Release|Any CPU.Build.0 = Release|Any CPU
	EndGlobalSection
	GlobalSection(SolutionProperties) = preSolution
		HideSolutionNode = FALSE
	EndGlobalSection
	GlobalSection(ExtensibilityGlobals) = postSolution
		SolutionGuid = {510792B1-878F-442B-BC96-0F35F615C050}
	EndGlobalSection
EndGlobal
